
Microsoft Visual Studio Solution File, Format Version 12.00
# Visual Studio Version 17
VisualStudioVersion = 17.11.35222.181
MinimumVisualStudioVersion = 10.0.40219.1
Project("{9A19103F-16F7-4668-BE54-9A1E7A4F7556}") = "Connect4", "DataInteraction\Connect4.csproj", "{2E6503CC-B085-4A35-A81E-A9726BA4B323}"
EndProject
Global
	GlobalSection(SolutionConfigurationPlatforms) = preSolution
		Debug|Any CPU = Debug|Any CPU
		Release|Any CPU = Release|Any CPU
	EndGlobalSection
	GlobalSection(ProjectConfigurationPlatforms) = postSolution
		{2E6503CC-B085-4A35-A81E-A9726BA4B323}.Debug|Any CPU.ActiveCfg = Debug|Any CPU
		{2E6503CC-B085-4A35-A81E-A9726BA4B323}.Debug|Any CPU.Build.0 = Debug|Any CPU
		{2E6503CC-B085-4A35-A81E-A9726BA4B323}.Release|Any CPU.ActiveCfg = Release|Any CPU
		{2E6503CC-B085-4A35-A81E-A9726BA4B323}.Release|Any CPU.Build.0 = Release|Any CPU
	EndGlobalSection
	GlobalSection(SolutionProperties) = preSolution
		HideSolutionNode = FALSE
	EndGlobalSection
	GlobalSection(ExtensibilityGlobals) = postSolution
		SolutionGuid = {C52DF8CD-01D4-4621-91A1-E696D1081641}
	EndGlobalSection
EndGlobal
